
Microsoft Visual Studio Solution File, Format Version 12.00
# Visual Studio Version 16
VisualStudioVersion = 16.0.31129.286
MinimumVisualStudioVersion = 10.0.40219.1
Project("{9A19103F-16F7-4668-BE54-9A1E7A4F7556}") = "Knab.Core.Abstraction", "Knab.Core.Abstraction\Knab.Core.Abstraction.csproj", "{8AF1E124-7DE0-4447-A081-BF1A7A43ED85}"
EndProject
Project("{FAE04EC0-301F-11D3-BF4B-00C04F79EFBC}") = "Knab.Core", "Knab.Core\Knab.Core.csproj", "{49A623D2-B2F3-44BE-89DD-98BB141B02F3}"
EndProject
Project("{FAE04EC0-301F-11D3-BF4B-00C04F79EFBC}") = "Knab.Core.Infrastructure", "Knab.Core.Infrastructure\Knab.Core.Infrastructure.csproj", "{BEAE87EA-8542-41B6-A0F1-EA2BA3C7C28D}"
EndProject
Global
	GlobalSection(SolutionConfigurationPlatforms) = preSolution
		Debug|Any CPU = Debug|Any CPU
		Release|Any CPU = Release|Any CPU
	EndGlobalSection
	GlobalSection(ProjectConfigurationPlatforms) = postSolution
		{8AF1E124-7DE0-4447-A081-BF1A7A43ED85}.Debug|Any CPU.ActiveCfg = Debug|Any CPU
		{8AF1E124-7DE0-4447-A081-BF1A7A43ED85}.Debug|Any CPU.Build.0 = Debug|Any CPU
		{8AF1E124-7DE0-4447-A081-BF1A7A43ED85}.Release|Any CPU.ActiveCfg = Release|Any CPU
		{8AF1E124-7DE0-4447-A081-BF1A7A43ED85}.Release|Any CPU.Build.0 = Release|Any CPU
		{49A623D2-B2F3-44BE-89DD-98BB141B02F3}.Debug|Any CPU.ActiveCfg = Debug|Any CPU
		{49A623D2-B2F3-44BE-89DD-98BB141B02F3}.Debug|Any CPU.Build.0 = Debug|Any CPU
		{49A623D2-B2F3-44BE-89DD-98BB141B02F3}.Release|Any CPU.ActiveCfg = Release|Any CPU
		{49A623D2-B2F3-44BE-89DD-98BB141B02F3}.Release|Any CPU.Build.0 = Release|Any CPU
		{BEAE87EA-8542-41B6-A0F1-EA2BA3C7C28D}.Debug|Any CPU.ActiveCfg = Debug|Any CPU
		{BEAE87EA-8542-41B6-A0F1-EA2BA3C7C28D}.Debug|Any CPU.Build.0 = Debug|Any CPU
		{BEAE87EA-8542-41B6-A0F1-EA2BA3C7C28D}.Release|Any CPU.ActiveCfg = Release|Any CPU
		{BEAE87EA-8542-41B6-A0F1-EA2BA3C7C28D}.Release|Any CPU.Build.0 = Release|Any CPU
	EndGlobalSection
	GlobalSection(SolutionProperties) = preSolution
		HideSolutionNode = FALSE
	EndGlobalSection
	GlobalSection(ExtensibilityGlobals) = postSolution
		SolutionGuid = {6752DED1-34BB-47FE-B855-208909DAC391}
	EndGlobalSection
EndGlobal
