
Microsoft Visual Studio Solution File, Format Version 12.00
# Visual Studio Version 16
VisualStudioVersion = 16.0.31129.286
MinimumVisualStudioVersion = 10.0.40219.1
Project("{9A19103F-16F7-4668-BE54-9A1E7A4F7556}") = "Knab.Core.Abstraction", "Knab.Core.Abstraction\Knab.Core.Abstraction.csproj", "{8AF1E124-7DE0-4447-A081-BF1A7A43ED85}"
EndProject
Project("{FAE04EC0-301F-11D3-BF4B-00C04F79EFBC}") = "Knab.Core", "Knab.Core\Knab.Core.csproj", "{49A623D2-B2F3-44BE-89DD-98BB141B02F3}"
EndProject
Project("{FAE04EC0-301F-11D3-BF4B-00C04F79EFBC}") = "Knab.Core.Infrastructure", "Knab.Core.Infrastructure\Knab.Core.Infrastructure.csproj", "{BEAE87EA-8542-41B6-A0F1-EA2BA3C7C28D}"
EndProject
Project("{FAE04EC0-301F-11D3-BF4B-00C04F79EFBC}") = "Knab.Integration", "Knab.Integration\Knab.Integration.csproj", "{A3F71102-50F3-4DEF-9748-1FF148839666}"
EndProject
Project("{FAE04EC0-301F-11D3-BF4B-00C04F79EFBC}") = "Knab.Application", "Knab.Application\Knab.Application.csproj", "{DC3AD237-69CA-426E-AE8F-BD3AA3F36C8D}"
EndProject
Project("{FAE04EC0-301F-11D3-BF4B-00C04F79EFBC}") = "Knab.Application.CoinMarketCap", "Knab.Application.CoinMarketCap\Knab.Application.CoinMarketCap.csproj", "{1BE4C4CB-B7D6-40A1-8AC3-4BDB7724BBF9}"
EndProject
Project("{FAE04EC0-301F-11D3-BF4B-00C04F79EFBC}") = "Knab.Data.InMemory", "Knab.Data.InMemory\Knab.Data.InMemory.csproj", "{5BC2D943-909D-4F52-85CE-63375E3ABBD3}"
EndProject
Project("{FAE04EC0-301F-11D3-BF4B-00C04F79EFBC}") = "Knab.Application.ExchangeRatesApi", "Knab.Application.ExchangeRatesApi\Knab.Application.ExchangeRatesApi.csproj", "{76EF4BE9-F232-40D7-BEC6-27B1785AC26D}"
EndProject
Project("{FAE04EC0-301F-11D3-BF4B-00C04F79EFBC}") = "Knab.Application.TaskScheduler", "Knab.Application.TaskScheduler\Knab.Application.TaskScheduler.csproj", "{DA4B57FF-DF47-4E43-8913-4D98A38185CA}"
EndProject
Project("{FAE04EC0-301F-11D3-BF4B-00C04F79EFBC}") = "Knab.Domain", "Knab.Domain\Knab.Domain.csproj", "{3372FD82-F323-4E68-B40B-7B6897B553D2}"
EndProject
Global
	GlobalSection(SolutionConfigurationPlatforms) = preSolution
		Debug|Any CPU = Debug|Any CPU
		Release|Any CPU = Release|Any CPU
	EndGlobalSection
	GlobalSection(ProjectConfigurationPlatforms) = postSolution
		{8AF1E124-7DE0-4447-A081-BF1A7A43ED85}.Debug|Any CPU.ActiveCfg = Debug|Any CPU
		{8AF1E124-7DE0-4447-A081-BF1A7A43ED85}.Debug|Any CPU.Build.0 = Debug|Any CPU
		{8AF1E124-7DE0-4447-A081-BF1A7A43ED85}.Release|Any CPU.ActiveCfg = Release|Any CPU
		{8AF1E124-7DE0-4447-A081-BF1A7A43ED85}.Release|Any CPU.Build.0 = Release|Any CPU
		{49A623D2-B2F3-44BE-89DD-98BB141B02F3}.Debug|Any CPU.ActiveCfg = Debug|Any CPU
		{49A623D2-B2F3-44BE-89DD-98BB141B02F3}.Debug|Any CPU.Build.0 = Debug|Any CPU
		{49A623D2-B2F3-44BE-89DD-98BB141B02F3}.Release|Any CPU.ActiveCfg = Release|Any CPU
		{49A623D2-B2F3-44BE-89DD-98BB141B02F3}.Release|Any CPU.Build.0 = Release|Any CPU
		{BEAE87EA-8542-41B6-A0F1-EA2BA3C7C28D}.Debug|Any CPU.ActiveCfg = Debug|Any CPU
		{BEAE87EA-8542-41B6-A0F1-EA2BA3C7C28D}.Debug|Any CPU.Build.0 = Debug|Any CPU
		{BEAE87EA-8542-41B6-A0F1-EA2BA3C7C28D}.Release|Any CPU.ActiveCfg = Release|Any CPU
		{BEAE87EA-8542-41B6-A0F1-EA2BA3C7C28D}.Release|Any CPU.Build.0 = Release|Any CPU
		{A3F71102-50F3-4DEF-9748-1FF148839666}.Debug|Any CPU.ActiveCfg = Debug|Any CPU
		{A3F71102-50F3-4DEF-9748-1FF148839666}.Debug|Any CPU.Build.0 = Debug|Any CPU
		{A3F71102-50F3-4DEF-9748-1FF148839666}.Release|Any CPU.ActiveCfg = Release|Any CPU
		{A3F71102-50F3-4DEF-9748-1FF148839666}.Release|Any CPU.Build.0 = Release|Any CPU
		{18FB92C8-8C60-4644-9F85-8D09702E1561}.Debug|Any CPU.ActiveCfg = Debug|Any CPU
		{18FB92C8-8C60-4644-9F85-8D09702E1561}.Debug|Any CPU.Build.0 = Debug|Any CPU
		{18FB92C8-8C60-4644-9F85-8D09702E1561}.Release|Any CPU.ActiveCfg = Release|Any CPU
		{18FB92C8-8C60-4644-9F85-8D09702E1561}.Release|Any CPU.Build.0 = Release|Any CPU
		{C82F734B-25A8-4966-B626-3F0B8F0A4E46}.Debug|Any CPU.ActiveCfg = Debug|Any CPU
		{C82F734B-25A8-4966-B626-3F0B8F0A4E46}.Debug|Any CPU.Build.0 = Debug|Any CPU
		{C82F734B-25A8-4966-B626-3F0B8F0A4E46}.Release|Any CPU.ActiveCfg = Release|Any CPU
		{C82F734B-25A8-4966-B626-3F0B8F0A4E46}.Release|Any CPU.Build.0 = Release|Any CPU
		{5BC2D943-909D-4F52-85CE-63375E3ABBD3}.Debug|Any CPU.ActiveCfg = Debug|Any CPU
		{5BC2D943-909D-4F52-85CE-63375E3ABBD3}.Debug|Any CPU.Build.0 = Debug|Any CPU
		{5BC2D943-909D-4F52-85CE-63375E3ABBD3}.Release|Any CPU.ActiveCfg = Release|Any CPU
		{5BC2D943-909D-4F52-85CE-63375E3ABBD3}.Release|Any CPU.Build.0 = Release|Any CPU
		{76EF4BE9-F232-40D7-BEC6-27B1785AC26D}.Debug|Any CPU.ActiveCfg = Debug|Any CPU
		{76EF4BE9-F232-40D7-BEC6-27B1785AC26D}.Debug|Any CPU.Build.0 = Debug|Any CPU
		{76EF4BE9-F232-40D7-BEC6-27B1785AC26D}.Release|Any CPU.ActiveCfg = Release|Any CPU
		{76EF4BE9-F232-40D7-BEC6-27B1785AC26D}.Release|Any CPU.Build.0 = Release|Any CPU
		{DC3AD237-69CA-426E-AE8F-BD3AA3F36C8D}.Debug|Any CPU.ActiveCfg = Debug|Any CPU
		{DC3AD237-69CA-426E-AE8F-BD3AA3F36C8D}.Debug|Any CPU.Build.0 = Debug|Any CPU
		{DC3AD237-69CA-426E-AE8F-BD3AA3F36C8D}.Release|Any CPU.ActiveCfg = Release|Any CPU
		{DC3AD237-69CA-426E-AE8F-BD3AA3F36C8D}.Release|Any CPU.Build.0 = Release|Any CPU
		{1BE4C4CB-B7D6-40A1-8AC3-4BDB7724BBF9}.Debug|Any CPU.ActiveCfg = Debug|Any CPU
		{1BE4C4CB-B7D6-40A1-8AC3-4BDB7724BBF9}.Debug|Any CPU.Build.0 = Debug|Any CPU
		{1BE4C4CB-B7D6-40A1-8AC3-4BDB7724BBF9}.Release|Any CPU.ActiveCfg = Release|Any CPU
		{1BE4C4CB-B7D6-40A1-8AC3-4BDB7724BBF9}.Release|Any CPU.Build.0 = Release|Any CPU
		{DA4B57FF-DF47-4E43-8913-4D98A38185CA}.Debug|Any CPU.ActiveCfg = Debug|Any CPU
		{DA4B57FF-DF47-4E43-8913-4D98A38185CA}.Debug|Any CPU.Build.0 = Debug|Any CPU
		{DA4B57FF-DF47-4E43-8913-4D98A38185CA}.Release|Any CPU.ActiveCfg = Release|Any CPU
		{DA4B57FF-DF47-4E43-8913-4D98A38185CA}.Release|Any CPU.Build.0 = Release|Any CPU
		{3372FD82-F323-4E68-B40B-7B6897B553D2}.Debug|Any CPU.ActiveCfg = Debug|Any CPU
		{3372FD82-F323-4E68-B40B-7B6897B553D2}.Debug|Any CPU.Build.0 = Debug|Any CPU
		{3372FD82-F323-4E68-B40B-7B6897B553D2}.Release|Any CPU.ActiveCfg = Release|Any CPU
		{3372FD82-F323-4E68-B40B-7B6897B553D2}.Release|Any CPU.Build.0 = Release|Any CPU
	EndGlobalSection
	GlobalSection(SolutionProperties) = preSolution
		HideSolutionNode = FALSE
	EndGlobalSection
	GlobalSection(ExtensibilityGlobals) = postSolution
		SolutionGuid = {6752DED1-34BB-47FE-B855-208909DAC391}
	EndGlobalSection
EndGlobal
